{
  "originHash" : "807ec8f03dcd361bd083f835442e58cad9ef0af0e79c45c8a20b9425ecdfd51b",
  "pins" : [
    {
      "identity" : "iamjarl-design",
      "kind" : "remoteSourceControl",
      "location" : "https://github.com/JarlLyng/iamjarl-design",
      "state" : {
        "revision" : "3590df1575a7eeaaba67bb76eed98e70d4f62c89",
        "version" : "1.6.0"
      }
    }
  ],
  "version" : 3
}
